
Microsoft Visual Studio Solution File, Format Version 12.00
# Visual Studio 14
VisualStudioVersion = 14.0.25420.1
MinimumVisualStudioVersion = 10.0.40219.1
Project("{FAE04EC0-301F-11D3-BF4B-00C04F79EFBC}") = "Hangman", "Hangman\Hangman.csproj", "{D509DDAA-99C8-4201-91F6-AC422D17BC9D}"
EndProject
Global
	GlobalSection(SolutionConfigurationPlatforms) = preSolution
		Debug|Any CPU = Debug|Any CPU
		Release|Any CPU = Release|Any CPU
	EndGlobalSection
	GlobalSection(ProjectConfigurationPlatforms) = postSolution
		{D509DDAA-99C8-4201-91F6-AC422D17BC9D}.Debug|Any CPU.ActiveCfg = Debug|Any CPU
		{D509DDAA-99C8-4201-91F6-AC422D17BC9D}.Debug|Any CPU.Build.0 = Debug|Any CPU
		{D509DDAA-99C8-4201-91F6-AC422D17BC9D}.Release|Any CPU.ActiveCfg = Release|Any CPU
		{D509DDAA-99C8-4201-91F6-AC422D17BC9D}.Release|Any CPU.Build.0 = Release|Any CPU
	EndGlobalSection
	GlobalSection(SolutionProperties) = preSolution
		HideSolutionNode = FALSE
	EndGlobalSection
EndGlobal
